// !$*UTF8*$!
{
	archiveVersion = 1;
	classes = {
	};
	objectVersion = 46;
	objects = {

/* Begin PBXBuildFile section */
		287C95AF5B3FA7110137599D /* Pods_R_D_InventoryTests.framework in Frameworks */ = {isa = PBXBuildFile; fileRef = 47048ECE232CB2FB9BDC8B8F /* Pods_R_D_InventoryTests.framework */; };
		4824DFCA8C3FFC428B679E6B /* Pods_R_D_InventoryUITests.framework in Frameworks */ = {isa = PBXBuildFile; fileRef = 033EE9BAD2D7E561D2A2CE08 /* Pods_R_D_InventoryUITests.framework */; };
		9C16A19B83CE2DEDDDC16B87 /* Pods_R_D_Inventory.framework in Frameworks */ = {isa = PBXBuildFile; fileRef = 640D7C703A6221D293FF22F1 /* Pods_R_D_Inventory.framework */; };
		E398F1191E1357E300CD91D4 /* AppDelegate.swift in Sources */ = {isa = PBXBuildFile; fileRef = E398F1181E1357E300CD91D4 /* AppDelegate.swift */; };
		E398F1201E1357E300CD91D4 /* Assets.xcassets in Resources */ = {isa = PBXBuildFile; fileRef = E398F11F1E1357E300CD91D4 /* Assets.xcassets */; };
		E398F1231E1357E300CD91D4 /* LaunchScreen.storyboard in Resources */ = {isa = PBXBuildFile; fileRef = E398F1211E1357E300CD91D4 /* LaunchScreen.storyboard */; };
		E398F12E1E1357E300CD91D4 /* R_D_InventoryTests.swift in Sources */ = {isa = PBXBuildFile; fileRef = E398F12D1E1357E300CD91D4 /* R_D_InventoryTests.swift */; };
		E398F1391E1357E300CD91D4 /* R_D_InventoryUITests.swift in Sources */ = {isa = PBXBuildFile; fileRef = E398F1381E1357E300CD91D4 /* R_D_InventoryUITests.swift */; };
		E398F1471E13602E00CD91D4 /* AssemblyDetailViewController.swift in Sources */ = {isa = PBXBuildFile; fileRef = E398F1461E13602E00CD91D4 /* AssemblyDetailViewController.swift */; };
		E398F1491E1360B400CD91D4 /* AddAssemblyViewController.swift in Sources */ = {isa = PBXBuildFile; fileRef = E398F1481E1360B400CD91D4 /* AddAssemblyViewController.swift */; };
		E398F14B1E13624800CD91D4 /* AddPartViewController.swift in Sources */ = {isa = PBXBuildFile; fileRef = E398F14A1E13624800CD91D4 /* AddPartViewController.swift */; };
		E398F14D1E1363A600CD91D4 /* PartViewController.swift in Sources */ = {isa = PBXBuildFile; fileRef = E398F14C1E1363A600CD91D4 /* PartViewController.swift */; };
		E398F14F1E1363BA00CD91D4 /* PartTableViewCell.swift in Sources */ = {isa = PBXBuildFile; fileRef = E398F14E1E1363BA00CD91D4 /* PartTableViewCell.swift */; };
		E398F1511E1363C500CD91D4 /* AssemblyTableViewCell.swift in Sources */ = {isa = PBXBuildFile; fileRef = E398F1501E1363C500CD91D4 /* AssemblyTableViewCell.swift */; };
		E398F1531E13684500CD91D4 /* Part.swift in Sources */ = {isa = PBXBuildFile; fileRef = E398F1521E13684500CD91D4 /* Part.swift */; };
		E398F1551E136A6500CD91D4 /* Assembly.swift in Sources */ = {isa = PBXBuildFile; fileRef = E398F1541E136A6500CD91D4 /* Assembly.swift */; };
		E398F1571E136C2200CD91D4 /* AssemblyTableViewController.swift in Sources */ = {isa = PBXBuildFile; fileRef = E398F1561E136C2200CD91D4 /* AssemblyTableViewController.swift */; };
		E398F1591E15A66400CD91D4 /* Main.storyboard in Resources */ = {isa = PBXBuildFile; fileRef = E398F1581E15A66400CD91D4 /* Main.storyboard */; };
		E398F15B1E15B0AF00CD91D4 /* GoogleService-Info.plist in Resources */ = {isa = PBXBuildFile; fileRef = E398F15A1E15B0AF00CD91D4 /* GoogleService-Info.plist */; };
		E398F15D1E15B28300CD91D4 /* DataService.swift in Sources */ = {isa = PBXBuildFile; fileRef = E398F15C1E15B28300CD91D4 /* DataService.swift */; };
		E3ECCE931E15B662009C936D /* Constants.swift in Sources */ = {isa = PBXBuildFile; fileRef = E3ECCE921E15B662009C936D /* Constants.swift */; };
/* End PBXBuildFile section */

/* Begin PBXContainerItemProxy section */
		E398F12A1E1357E300CD91D4 /* PBXContainerItemProxy */ = {
			isa = PBXContainerItemProxy;
			containerPortal = E398F10D1E1357E300CD91D4 /* Project object */;
			proxyType = 1;
			remoteGlobalIDString = E398F1141E1357E300CD91D4;
			remoteInfo = "R&D Inventory";
		};
		E398F1351E1357E300CD91D4 /* PBXContainerItemProxy */ = {
			isa = PBXContainerItemProxy;
			containerPortal = E398F10D1E1357E300CD91D4 /* Project object */;
			proxyType = 1;
			remoteGlobalIDString = E398F1141E1357E300CD91D4;
			remoteInfo = "R&D Inventory";
		};
/* End PBXContainerItemProxy section */

/* Begin PBXFileReference section */
		033EE9BAD2D7E561D2A2CE08 /* Pods_R_D_InventoryUITests.framework */ = {isa = PBXFileReference; explicitFileType = wrapper.framework; includeInIndex = 0; path = Pods_R_D_InventoryUITests.framework; sourceTree = BUILT_PRODUCTS_DIR; };
		0672CE23FAA7C122D880215E /* Pods-R&D Inventory.debug.xcconfig */ = {isa = PBXFileReference; includeInIndex = 1; lastKnownFileType = text.xcconfig; name = "Pods-R&D Inventory.debug.xcconfig"; path = "Pods/Target Support Files/Pods-R&D Inventory/Pods-R&D Inventory.debug.xcconfig"; sourceTree = "<group>"; };
		33A89F1E6C98F1273EC4D482 /* Pods-R&D InventoryTests.release.xcconfig */ = {isa = PBXFileReference; includeInIndex = 1; lastKnownFileType = text.xcconfig; name = "Pods-R&D InventoryTests.release.xcconfig"; path = "Pods/Target Support Files/Pods-R&D InventoryTests/Pods-R&D InventoryTests.release.xcconfig"; sourceTree = "<group>"; };
		47048ECE232CB2FB9BDC8B8F /* Pods_R_D_InventoryTests.framework */ = {isa = PBXFileReference; explicitFileType = wrapper.framework; includeInIndex = 0; path = Pods_R_D_InventoryTests.framework; sourceTree = BUILT_PRODUCTS_DIR; };
		58FE34DAC5A2BCDD419706D0 /* Pods-R&D InventoryUITests.debug.xcconfig */ = {isa = PBXFileReference; includeInIndex = 1; lastKnownFileType = text.xcconfig; name = "Pods-R&D InventoryUITests.debug.xcconfig"; path = "Pods/Target Support Files/Pods-R&D InventoryUITests/Pods-R&D InventoryUITests.debug.xcconfig"; sourceTree = "<group>"; };
		5BEE89E3F4372B2134EBF118 /* Pods-R&D InventoryTests.debug.xcconfig */ = {isa = PBXFileReference; includeInIndex = 1; lastKnownFileType = text.xcconfig; name = "Pods-R&D InventoryTests.debug.xcconfig"; path = "Pods/Target Support Files/Pods-R&D InventoryTests/Pods-R&D InventoryTests.debug.xcconfig"; sourceTree = "<group>"; };
		640D7C703A6221D293FF22F1 /* Pods_R_D_Inventory.framework */ = {isa = PBXFileReference; explicitFileType = wrapper.framework; includeInIndex = 0; path = Pods_R_D_Inventory.framework; sourceTree = BUILT_PRODUCTS_DIR; };
		687954077D7958893F4A5DE0 /* Pods-R&D InventoryUITests.release.xcconfig */ = {isa = PBXFileReference; includeInIndex = 1; lastKnownFileType = text.xcconfig; name = "Pods-R&D InventoryUITests.release.xcconfig"; path = "Pods/Target Support Files/Pods-R&D InventoryUITests/Pods-R&D InventoryUITests.release.xcconfig"; sourceTree = "<group>"; };
		DDAB533742B9B435D147DCC3 /* Pods-R&D Inventory.release.xcconfig */ = {isa = PBXFileReference; includeInIndex = 1; lastKnownFileType = text.xcconfig; name = "Pods-R&D Inventory.release.xcconfig"; path = "Pods/Target Support Files/Pods-R&D Inventory/Pods-R&D Inventory.release.xcconfig"; sourceTree = "<group>"; };
		E398F1151E1357E300CD91D4 /* R&D Inventory.app */ = {isa = PBXFileReference; explicitFileType = wrapper.application; includeInIndex = 0; path = "R&D Inventory.app"; sourceTree = BUILT_PRODUCTS_DIR; };
		E398F1181E1357E300CD91D4 /* AppDelegate.swift */ = {isa = PBXFileReference; lastKnownFileType = sourcecode.swift; path = AppDelegate.swift; sourceTree = "<group>"; };
		E398F11F1E1357E300CD91D4 /* Assets.xcassets */ = {isa = PBXFileReference; lastKnownFileType = folder.assetcatalog; path = Assets.xcassets; sourceTree = "<group>"; };
		E398F1221E1357E300CD91D4 /* Base */ = {isa = PBXFileReference; lastKnownFileType = file.storyboard; name = Base; path = Base.lproj/LaunchScreen.storyboard; sourceTree = "<group>"; };
		E398F1241E1357E300CD91D4 /* Info.plist */ = {isa = PBXFileReference; lastKnownFileType = text.plist.xml; path = Info.plist; sourceTree = "<group>"; };
		E398F1291E1357E300CD91D4 /* R&D InventoryTests.xctest */ = {isa = PBXFileReference; explicitFileType = wrapper.cfbundle; includeInIndex = 0; path = "R&D InventoryTests.xctest"; sourceTree = BUILT_PRODUCTS_DIR; };
		E398F12D1E1357E300CD91D4 /* R_D_InventoryTests.swift */ = {isa = PBXFileReference; lastKnownFileType = sourcecode.swift; path = R_D_InventoryTests.swift; sourceTree = "<group>"; };
		E398F12F1E1357E300CD91D4 /* Info.plist */ = {isa = PBXFileReference; lastKnownFileType = text.plist.xml; path = Info.plist; sourceTree = "<group>"; };
		E398F1341E1357E300CD91D4 /* R&D InventoryUITests.xctest */ = {isa = PBXFileReference; explicitFileType = wrapper.cfbundle; includeInIndex = 0; path = "R&D InventoryUITests.xctest"; sourceTree = BUILT_PRODUCTS_DIR; };
		E398F1381E1357E300CD91D4 /* R_D_InventoryUITests.swift */ = {isa = PBXFileReference; lastKnownFileType = sourcecode.swift; path = R_D_InventoryUITests.swift; sourceTree = "<group>"; };
		E398F13A1E1357E300CD91D4 /* Info.plist */ = {isa = PBXFileReference; lastKnownFileType = text.plist.xml; path = Info.plist; sourceTree = "<group>"; };
		E398F1461E13602E00CD91D4 /* AssemblyDetailViewController.swift */ = {isa = PBXFileReference; fileEncoding = 4; lastKnownFileType = sourcecode.swift; path = AssemblyDetailViewController.swift; sourceTree = "<group>"; };
		E398F1481E1360B400CD91D4 /* AddAssemblyViewController.swift */ = {isa = PBXFileReference; fileEncoding = 4; lastKnownFileType = sourcecode.swift; path = AddAssemblyViewController.swift; sourceTree = "<group>"; };
		E398F14A1E13624800CD91D4 /* AddPartViewController.swift */ = {isa = PBXFileReference; fileEncoding = 4; lastKnownFileType = sourcecode.swift; path = AddPartViewController.swift; sourceTree = "<group>"; };
		E398F14C1E1363A600CD91D4 /* PartViewController.swift */ = {isa = PBXFileReference; fileEncoding = 4; lastKnownFileType = sourcecode.swift; path = PartViewController.swift; sourceTree = "<group>"; };
		E398F14E1E1363BA00CD91D4 /* PartTableViewCell.swift */ = {isa = PBXFileReference; fileEncoding = 4; lastKnownFileType = sourcecode.swift; path = PartTableViewCell.swift; sourceTree = "<group>"; };
		E398F1501E1363C500CD91D4 /* AssemblyTableViewCell.swift */ = {isa = PBXFileReference; fileEncoding = 4; lastKnownFileType = sourcecode.swift; path = AssemblyTableViewCell.swift; sourceTree = "<group>"; };
		E398F1521E13684500CD91D4 /* Part.swift */ = {isa = PBXFileReference; fileEncoding = 4; lastKnownFileType = sourcecode.swift; path = Part.swift; sourceTree = "<group>"; };
		E398F1541E136A6500CD91D4 /* Assembly.swift */ = {isa = PBXFileReference; fileEncoding = 4; lastKnownFileType = sourcecode.swift; path = Assembly.swift; sourceTree = "<group>"; };
		E398F1561E136C2200CD91D4 /* AssemblyTableViewController.swift */ = {isa = PBXFileReference; fileEncoding = 4; lastKnownFileType = sourcecode.swift; path = AssemblyTableViewController.swift; sourceTree = "<group>"; };
		E398F1581E15A66400CD91D4 /* Main.storyboard */ = {isa = PBXFileReference; fileEncoding = 4; lastKnownFileType = file.storyboard; name = Main.storyboard; path = ../../../../.Trash/Main.storyboard; sourceTree = "<group>"; };
		E398F15A1E15B0AF00CD91D4 /* GoogleService-Info.plist */ = {isa = PBXFileReference; fileEncoding = 4; lastKnownFileType = text.plist.xml; path = "GoogleService-Info.plist"; sourceTree = "<group>"; };
		E398F15C1E15B28300CD91D4 /* DataService.swift */ = {isa = PBXFileReference; fileEncoding = 4; lastKnownFileType = sourcecode.swift; path = DataService.swift; sourceTree = "<group>"; };
		E3ECCE921E15B662009C936D /* Constants.swift */ = {isa = PBXFileReference; fileEncoding = 4; lastKnownFileType = sourcecode.swift; path = Constants.swift; sourceTree = "<group>"; };
		E3ECCE961E15C98A009C936D /* R&D Inventory.entitlements */ = {isa = PBXFileReference; lastKnownFileType = text.plist.entitlements; path = "R&D Inventory.entitlements"; sourceTree = "<group>"; };
/* End PBXFileReference section */

/* Begin PBXFrameworksBuildPhase section */
		E398F1121E1357E300CD91D4 /* Frameworks */ = {
			isa = PBXFrameworksBuildPhase;
			buildActionMask = 2147483647;
			files = (
				9C16A19B83CE2DEDDDC16B87 /* Pods_R_D_Inventory.framework in Frameworks */,
			);
			runOnlyForDeploymentPostprocessing = 0;
		};
		E398F1261E1357E300CD91D4 /* Frameworks */ = {
			isa = PBXFrameworksBuildPhase;
			buildActionMask = 2147483647;
			files = (
				287C95AF5B3FA7110137599D /* Pods_R_D_InventoryTests.framework in Frameworks */,
			);
			runOnlyForDeploymentPostprocessing = 0;
		};
		E398F1311E1357E300CD91D4 /* Frameworks */ = {
			isa = PBXFrameworksBuildPhase;
			buildActionMask = 2147483647;
			files = (
				4824DFCA8C3FFC428B679E6B /* Pods_R_D_InventoryUITests.framework in Frameworks */,
			);
			runOnlyForDeploymentPostprocessing = 0;
		};
/* End PBXFrameworksBuildPhase section */

/* Begin PBXGroup section */
		4FFF762FDC4BDDA616B49A80 /* Frameworks */ = {
			isa = PBXGroup;
			children = (
				640D7C703A6221D293FF22F1 /* Pods_R_D_Inventory.framework */,
				47048ECE232CB2FB9BDC8B8F /* Pods_R_D_InventoryTests.framework */,
				033EE9BAD2D7E561D2A2CE08 /* Pods_R_D_InventoryUITests.framework */,
			);
			name = Frameworks;
			sourceTree = "<group>";
		};
		B5E2FC124A8D2090CE2FA631 /* Pods */ = {
			isa = PBXGroup;
			children = (
				0672CE23FAA7C122D880215E /* Pods-R&D Inventory.debug.xcconfig */,
				DDAB533742B9B435D147DCC3 /* Pods-R&D Inventory.release.xcconfig */,
				5BEE89E3F4372B2134EBF118 /* Pods-R&D InventoryTests.debug.xcconfig */,
				33A89F1E6C98F1273EC4D482 /* Pods-R&D InventoryTests.release.xcconfig */,
				58FE34DAC5A2BCDD419706D0 /* Pods-R&D InventoryUITests.debug.xcconfig */,
				687954077D7958893F4A5DE0 /* Pods-R&D InventoryUITests.release.xcconfig */,
			);
			name = Pods;
			sourceTree = "<group>";
		};
		E398F10C1E1357E300CD91D4 = {
			isa = PBXGroup;
			children = (
				E398F1171E1357E300CD91D4 /* R&D Inventory */,
				E398F12C1E1357E300CD91D4 /* R&D InventoryTests */,
				E398F1371E1357E300CD91D4 /* R&D InventoryUITests */,
				E398F1161E1357E300CD91D4 /* Products */,
				B5E2FC124A8D2090CE2FA631 /* Pods */,
				4FFF762FDC4BDDA616B49A80 /* Frameworks */,
			);
			sourceTree = "<group>";
		};
		E398F1161E1357E300CD91D4 /* Products */ = {
			isa = PBXGroup;
			children = (
				E398F1151E1357E300CD91D4 /* R&D Inventory.app */,
				E398F1291E1357E300CD91D4 /* R&D InventoryTests.xctest */,
				E398F1341E1357E300CD91D4 /* R&D InventoryUITests.xctest */,
			);
			name = Products;
			sourceTree = "<group>";
		};
		E398F1171E1357E300CD91D4 /* R&D Inventory */ = {
			isa = PBXGroup;
			children = (
				E3ECCE961E15C98A009C936D /* R&D Inventory.entitlements */,
				E398F1481E1360B400CD91D4 /* AddAssemblyViewController.swift */,
				E398F14A1E13624800CD91D4 /* AddPartViewController.swift */,
				E398F1181E1357E300CD91D4 /* AppDelegate.swift */,
				E398F1541E136A6500CD91D4 /* Assembly.swift */,
				E398F15C1E15B28300CD91D4 /* DataService.swift */,
				E398F1461E13602E00CD91D4 /* AssemblyDetailViewController.swift */,
				E398F1501E1363C500CD91D4 /* AssemblyTableViewCell.swift */,
				E398F1561E136C2200CD91D4 /* AssemblyTableViewController.swift */,
				E398F11F1E1357E300CD91D4 /* Assets.xcassets */,
				E3ECCE921E15B662009C936D /* Constants.swift */,
				E398F15A1E15B0AF00CD91D4 /* GoogleService-Info.plist */,
				E398F1241E1357E300CD91D4 /* Info.plist */,
				E398F1211E1357E300CD91D4 /* LaunchScreen.storyboard */,
				E398F1581E15A66400CD91D4 /* Main.storyboard */,
				E398F1521E13684500CD91D4 /* Part.swift */,
				E398F14E1E1363BA00CD91D4 /* PartTableViewCell.swift */,
				E398F14C1E1363A600CD91D4 /* PartViewController.swift */,
			);
			path = "R&D Inventory";
			sourceTree = "<group>";
		};
		E398F12C1E1357E300CD91D4 /* R&D InventoryTests */ = {
			isa = PBXGroup;
			children = (
				E398F12D1E1357E300CD91D4 /* R_D_InventoryTests.swift */,
				E398F12F1E1357E300CD91D4 /* Info.plist */,
			);
			path = "R&D InventoryTests";
			sourceTree = "<group>";
		};
		E398F1371E1357E300CD91D4 /* R&D InventoryUITests */ = {
			isa = PBXGroup;
			children = (
				E398F1381E1357E300CD91D4 /* R_D_InventoryUITests.swift */,
				E398F13A1E1357E300CD91D4 /* Info.plist */,
			);
			path = "R&D InventoryUITests";
			sourceTree = "<group>";
		};
/* End PBXGroup section */

/* Begin PBXNativeTarget section */
		E398F1141E1357E300CD91D4 /* R&D Inventory */ = {
			isa = PBXNativeTarget;
			buildConfigurationList = E398F13D1E1357E300CD91D4 /* Build configuration list for PBXNativeTarget "R&D Inventory" */;
			buildPhases = (
				A00D7DF31D974A64D4204E62 /* 📦 Check Pods Manifest.lock */,
				E398F1111E1357E300CD91D4 /* Sources */,
				E398F1121E1357E300CD91D4 /* Frameworks */,
				E398F1131E1357E300CD91D4 /* Resources */,
				BF5355FDA21C99A95FD2E509 /* 📦 Embed Pods Frameworks */,
				A5AE4569846EDF49815D6831 /* 📦 Copy Pods Resources */,
			);
			buildRules = (
			);
			dependencies = (
			);
			name = "R&D Inventory";
			productName = "R&D Inventory";
			productReference = E398F1151E1357E300CD91D4 /* R&D Inventory.app */;
			productType = "com.apple.product-type.application";
		};
		E398F1281E1357E300CD91D4 /* R&D InventoryTests */ = {
			isa = PBXNativeTarget;
			buildConfigurationList = E398F1401E1357E300CD91D4 /* Build configuration list for PBXNativeTarget "R&D InventoryTests" */;
			buildPhases = (
				998A3D901D51DCD5977560BC /* 📦 Check Pods Manifest.lock */,
				E398F1251E1357E300CD91D4 /* Sources */,
				E398F1261E1357E300CD91D4 /* Frameworks */,
				E398F1271E1357E300CD91D4 /* Resources */,
				2E6607C27878D512EFBC87D4 /* 📦 Embed Pods Frameworks */,
				82A580A73B4A55118A49E446 /* 📦 Copy Pods Resources */,
			);
			buildRules = (
			);
			dependencies = (
				E398F12B1E1357E300CD91D4 /* PBXTargetDependency */,
			);
			name = "R&D InventoryTests";
			productName = "R&D InventoryTests";
			productReference = E398F1291E1357E300CD91D4 /* R&D InventoryTests.xctest */;
			productType = "com.apple.product-type.bundle.unit-test";
		};
		E398F1331E1357E300CD91D4 /* R&D InventoryUITests */ = {
			isa = PBXNativeTarget;
			buildConfigurationList = E398F1431E1357E300CD91D4 /* Build configuration list for PBXNativeTarget "R&D InventoryUITests" */;
			buildPhases = (
				66F84BFE338C1836B860FE56 /* 📦 Check Pods Manifest.lock */,
				E398F1301E1357E300CD91D4 /* Sources */,
				E398F1311E1357E300CD91D4 /* Frameworks */,
				E398F1321E1357E300CD91D4 /* Resources */,
				875F51F8A71F72117F350B5A /* 📦 Copy Pods Resources */,
			);
			buildRules = (
			);
			dependencies = (
				E398F1361E1357E300CD91D4 /* PBXTargetDependency */,
			);
			name = "R&D InventoryUITests";
			productName = "R&D InventoryUITests";
			productReference = E398F1341E1357E300CD91D4 /* R&D InventoryUITests.xctest */;
			productType = "com.apple.product-type.bundle.ui-testing";
		};
/* End PBXNativeTarget section */

/* Begin PBXProject section */
		E398F10D1E1357E300CD91D4 /* Project object */ = {
			isa = PBXProject;
			attributes = {
				LastSwiftUpdateCheck = 0810;
				LastUpgradeCheck = 0810;
				ORGANIZATIONNAME = "Aaron Liberatore";
				TargetAttributes = {
					E398F1141E1357E300CD91D4 = {
						CreatedOnToolsVersion = 8.1;
						DevelopmentTeam = HNACG3848H;
						ProvisioningStyle = Automatic;
						SystemCapabilities = {
							com.apple.Keychain = {
								enabled = 1;
							};
						};
					};
					E398F1281E1357E300CD91D4 = {
						CreatedOnToolsVersion = 8.1;
						DevelopmentTeam = HNACG3848H;
						ProvisioningStyle = Automatic;
						TestTargetID = E398F1141E1357E300CD91D4;
					};
					E398F1331E1357E300CD91D4 = {
						CreatedOnToolsVersion = 8.1;
						DevelopmentTeam = HNACG3848H;
						ProvisioningStyle = Automatic;
						TestTargetID = E398F1141E1357E300CD91D4;
					};
				};
			};
			buildConfigurationList = E398F1101E1357E300CD91D4 /* Build configuration list for PBXProject "R&D Inventory" */;
			compatibilityVersion = "Xcode 3.2";
			developmentRegion = English;
			hasScannedForEncodings = 0;
			knownRegions = (
				en,
				Base,
			);
			mainGroup = E398F10C1E1357E300CD91D4;
			productRefGroup = E398F1161E1357E300CD91D4 /* Products */;
			projectDirPath = "";
			projectRoot = "";
			targets = (
				E398F1141E1357E300CD91D4 /* R&D Inventory */,
				E398F1281E1357E300CD91D4 /* R&D InventoryTests */,
				E398F1331E1357E300CD91D4 /* R&D InventoryUITests */,
			);
		};
/* End PBXProject section */

/* Begin PBXResourcesBuildPhase section */
		E398F1131E1357E300CD91D4 /* Resources */ = {
			isa = PBXResourcesBuildPhase;
			buildActionMask = 2147483647;
			files = (
				E398F1591E15A66400CD91D4 /* Main.storyboard in Resources */,
				E398F15B1E15B0AF00CD91D4 /* GoogleService-Info.plist in Resources */,
				E398F1231E1357E300CD91D4 /* LaunchScreen.storyboard in Resources */,
				E398F1201E1357E300CD91D4 /* Assets.xcassets in Resources */,
			);
			runOnlyForDeploymentPostprocessing = 0;
		};
		E398F1271E1357E300CD91D4 /* Resources */ = {
			isa = PBXResourcesBuildPhase;
			buildActionMask = 2147483647;
			files = (
			);
			runOnlyForDeploymentPostprocessing = 0;
		};
		E398F1321E1357E300CD91D4 /* Resources */ = {
			isa = PBXResourcesBuildPhase;
			buildActionMask = 2147483647;
			files = (
			);
			runOnlyForDeploymentPostprocessing = 0;
		};
/* End PBXResourcesBuildPhase section */

/* Begin PBXShellScriptBuildPhase section */
		2E6607C27878D512EFBC87D4 /* 📦 Embed Pods Frameworks */ = {
			isa = PBXShellScriptBuildPhase;
			buildActionMask = 2147483647;
			files = (
			);
			inputPaths = (
			);
			name = "📦 Embed Pods Frameworks";
			outputPaths = (
			);
			runOnlyForDeploymentPostprocessing = 0;
			shellPath = /bin/sh;
			shellScript = "\"${SRCROOT}/Pods/Target Support Files/Pods-R&D InventoryTests/Pods-R&D InventoryTests-frameworks.sh\"\n";
			showEnvVarsInLog = 0;
		};
		66F84BFE338C1836B860FE56 /* 📦 Check Pods Manifest.lock */ = {
			isa = PBXShellScriptBuildPhase;
			buildActionMask = 2147483647;
			files = (
			);
			inputPaths = (
			);
			name = "📦 Check Pods Manifest.lock";
			outputPaths = (
			);
			runOnlyForDeploymentPostprocessing = 0;
			shellPath = /bin/sh;
			shellScript = "diff \"${PODS_ROOT}/../Podfile.lock\" \"${PODS_ROOT}/Manifest.lock\" > /dev/null\nif [[ $? != 0 ]] ; then\n    cat << EOM\nerror: The sandbox is not in sync with the Podfile.lock. Run 'pod install' or update your CocoaPods installation.\nEOM\n    exit 1\nfi\n";
			showEnvVarsInLog = 0;
		};
		82A580A73B4A55118A49E446 /* 📦 Copy Pods Resources */ = {
			isa = PBXShellScriptBuildPhase;
			buildActionMask = 2147483647;
			files = (
			);
			inputPaths = (
			);
			name = "📦 Copy Pods Resources";
			outputPaths = (
			);
			runOnlyForDeploymentPostprocessing = 0;
			shellPath = /bin/sh;
			shellScript = "\"${SRCROOT}/Pods/Target Support Files/Pods-R&D InventoryTests/Pods-R&D InventoryTests-resources.sh\"\n";
			showEnvVarsInLog = 0;
		};
		875F51F8A71F72117F350B5A /* 📦 Copy Pods Resources */ = {
			isa = PBXShellScriptBuildPhase;
			buildActionMask = 2147483647;
			files = (
			);
			inputPaths = (
			);
			name = "📦 Copy Pods Resources";
			outputPaths = (
			);
			runOnlyForDeploymentPostprocessing = 0;
			shellPath = /bin/sh;
			shellScript = "\"${SRCROOT}/Pods/Target Support Files/Pods-R&D InventoryUITests/Pods-R&D InventoryUITests-resources.sh\"\n";
			showEnvVarsInLog = 0;
		};
		998A3D901D51DCD5977560BC /* 📦 Check Pods Manifest.lock */ = {
			isa = PBXShellScriptBuildPhase;
			buildActionMask = 2147483647;
			files = (
			);
			inputPaths = (
			);
			name = "📦 Check Pods Manifest.lock";
			outputPaths = (
			);
			runOnlyForDeploymentPostprocessing = 0;
			shellPath = /bin/sh;
			shellScript = "diff \"${PODS_ROOT}/../Podfile.lock\" \"${PODS_ROOT}/Manifest.lock\" > /dev/null\nif [[ $? != 0 ]] ; then\n    cat << EOM\nerror: The sandbox is not in sync with the Podfile.lock. Run 'pod install' or update your CocoaPods installation.\nEOM\n    exit 1\nfi\n";
			showEnvVarsInLog = 0;
		};
		A00D7DF31D974A64D4204E62 /* 📦 Check Pods Manifest.lock */ = {
			isa = PBXShellScriptBuildPhase;
			buildActionMask = 2147483647;
			files = (
			);
			inputPaths = (
			);
			name = "📦 Check Pods Manifest.lock";
			outputPaths = (
			);
			runOnlyForDeploymentPostprocessing = 0;
			shellPath = /bin/sh;
			shellScript = "diff \"${PODS_ROOT}/../Podfile.lock\" \"${PODS_ROOT}/Manifest.lock\" > /dev/null\nif [[ $? != 0 ]] ; then\n    cat << EOM\nerror: The sandbox is not in sync with the Podfile.lock. Run 'pod install' or update your CocoaPods installation.\nEOM\n    exit 1\nfi\n";
			showEnvVarsInLog = 0;
		};
		A5AE4569846EDF49815D6831 /* 📦 Copy Pods Resources */ = {
			isa = PBXShellScriptBuildPhase;
			buildActionMask = 2147483647;
			files = (
			);
			inputPaths = (
			);
			name = "📦 Copy Pods Resources";
			outputPaths = (
			);
			runOnlyForDeploymentPostprocessing = 0;
			shellPath = /bin/sh;
			shellScript = "\"${SRCROOT}/Pods/Target Support Files/Pods-R&D Inventory/Pods-R&D Inventory-resources.sh\"\n";
			showEnvVarsInLog = 0;
		};
		BF5355FDA21C99A95FD2E509 /* 📦 Embed Pods Frameworks */ = {
			isa = PBXShellScriptBuildPhase;
			buildActionMask = 2147483647;
			files = (
			);
			inputPaths = (
			);
			name = "📦 Embed Pods Frameworks";
			outputPaths = (
			);
			runOnlyForDeploymentPostprocessing = 0;
			shellPath = /bin/sh;
			shellScript = "\"${SRCROOT}/Pods/Target Support Files/Pods-R&D Inventory/Pods-R&D Inventory-frameworks.sh\"\n";
			showEnvVarsInLog = 0;
		};
/* End PBXShellScriptBuildPhase section */

/* Begin PBXSourcesBuildPhase section */
		E398F1111E1357E300CD91D4 /* Sources */ = {
			isa = PBXSourcesBuildPhase;
			buildActionMask = 2147483647;
			files = (
				E398F14F1E1363BA00CD91D4 /* PartTableViewCell.swift in Sources */,
				E398F1551E136A6500CD91D4 /* Assembly.swift in Sources */,
				E398F1511E1363C500CD91D4 /* AssemblyTableViewCell.swift in Sources */,
				E398F1471E13602E00CD91D4 /* AssemblyDetailViewController.swift in Sources */,
				E398F1571E136C2200CD91D4 /* AssemblyTableViewController.swift in Sources */,
				E398F14B1E13624800CD91D4 /* AddPartViewController.swift in Sources */,
				E3ECCE931E15B662009C936D /* Constants.swift in Sources */,
				E398F14D1E1363A600CD91D4 /* PartViewController.swift in Sources */,
				E398F1491E1360B400CD91D4 /* AddAssemblyViewController.swift in Sources */,
				E398F15D1E15B28300CD91D4 /* DataService.swift in Sources */,
				E398F1531E13684500CD91D4 /* Part.swift in Sources */,
				E398F1191E1357E300CD91D4 /* AppDelegate.swift in Sources */,
			);
			runOnlyForDeploymentPostprocessing = 0;
		};
		E398F1251E1357E300CD91D4 /* Sources */ = {
			isa = PBXSourcesBuildPhase;
			buildActionMask = 2147483647;
			files = (
				E398F12E1E1357E300CD91D4 /* R_D_InventoryTests.swift in Sources */,
			);
			runOnlyForDeploymentPostprocessing = 0;
		};
		E398F1301E1357E300CD91D4 /* Sources */ = {
			isa = PBXSourcesBuildPhase;
			buildActionMask = 2147483647;
			files = (
				E398F1391E1357E300CD91D4 /* R_D_InventoryUITests.swift in Sources */,
			);
			runOnlyForDeploymentPostprocessing = 0;
		};
/* End PBXSourcesBuildPhase section */

/* Begin PBXTargetDependency section */
		E398F12B1E1357E300CD91D4 /* PBXTargetDependency */ = {
			isa = PBXTargetDependency;
			target = E398F1141E1357E300CD91D4 /* R&D Inventory */;
			targetProxy = E398F12A1E1357E300CD91D4 /* PBXContainerItemProxy */;
		};
		E398F1361E1357E300CD91D4 /* PBXTargetDependency */ = {
			isa = PBXTargetDependency;
			target = E398F1141E1357E300CD91D4 /* R&D Inventory */;
			targetProxy = E398F1351E1357E300CD91D4 /* PBXContainerItemProxy */;
		};
/* End PBXTargetDependency section */

/* Begin PBXVariantGroup section */
		E398F1211E1357E300CD91D4 /* LaunchScreen.storyboard */ = {
			isa = PBXVariantGroup;
			children = (
				E398F1221E1357E300CD91D4 /* Base */,
			);
			name = LaunchScreen.storyboard;
			sourceTree = "<group>";
		};
/* End PBXVariantGroup section */

/* Begin XCBuildConfiguration section */
		E398F13B1E1357E300CD91D4 /* Debug */ = {
			isa = XCBuildConfiguration;
			buildSettings = {
				ALWAYS_SEARCH_USER_PATHS = NO;
				CLANG_ANALYZER_NONNULL = YES;
				CLANG_CXX_LANGUAGE_STANDARD = "gnu++0x";
				CLANG_CXX_LIBRARY = "libc++";
				CLANG_ENABLE_MODULES = YES;
				CLANG_ENABLE_OBJC_ARC = YES;
				CLANG_WARN_BOOL_CONVERSION = YES;
				CLANG_WARN_CONSTANT_CONVERSION = YES;
				CLANG_WARN_DIRECT_OBJC_ISA_USAGE = YES_ERROR;
				CLANG_WARN_DOCUMENTATION_COMMENTS = YES;
				CLANG_WARN_EMPTY_BODY = YES;
				CLANG_WARN_ENUM_CONVERSION = YES;
				CLANG_WARN_INFINITE_RECURSION = YES;
				CLANG_WARN_INT_CONVERSION = YES;
				CLANG_WARN_OBJC_ROOT_CLASS = YES_ERROR;
				CLANG_WARN_SUSPICIOUS_MOVES = YES;
				CLANG_WARN_UNREACHABLE_CODE = YES;
				CLANG_WARN__DUPLICATE_METHOD_MATCH = YES;
				"CODE_SIGN_IDENTITY[sdk=iphoneos*]" = "iPhone Developer";
				COPY_PHASE_STRIP = NO;
				DEBUG_INFORMATION_FORMAT = dwarf;
				ENABLE_STRICT_OBJC_MSGSEND = YES;
				ENABLE_TESTABILITY = YES;
				GCC_C_LANGUAGE_STANDARD = gnu99;
				GCC_DYNAMIC_NO_PIC = NO;
				GCC_NO_COMMON_BLOCKS = YES;
				GCC_OPTIMIZATION_LEVEL = 0;
				GCC_PREPROCESSOR_DEFINITIONS = (
					"DEBUG=1",
					"$(inherited)",
				);
				GCC_WARN_64_TO_32_BIT_CONVERSION = YES;
				GCC_WARN_ABOUT_RETURN_TYPE = YES_ERROR;
				GCC_WARN_UNDECLARED_SELECTOR = YES;
				GCC_WARN_UNINITIALIZED_AUTOS = YES_AGGRESSIVE;
				GCC_WARN_UNUSED_FUNCTION = YES;
				GCC_WARN_UNUSED_VARIABLE = YES;
				IPHONEOS_DEPLOYMENT_TARGET = 10.1;
				MTL_ENABLE_DEBUG_INFO = YES;
				ONLY_ACTIVE_ARCH = YES;
				SDKROOT = iphoneos;
				SWIFT_ACTIVE_COMPILATION_CONDITIONS = DEBUG;
				SWIFT_OPTIMIZATION_LEVEL = "-Onone";
				TARGETED_DEVICE_FAMILY = "1,2";
			};
			name = Debug;
		};
		E398F13C1E1357E300CD91D4 /* Release */ = {
			isa = XCBuildConfiguration;
			buildSettings = {
				ALWAYS_SEARCH_USER_PATHS = NO;
				CLANG_ANALYZER_NONNULL = YES;
				CLANG_CXX_LANGUAGE_STANDARD = "gnu++0x";
				CLANG_CXX_LIBRARY = "libc++";
				CLANG_ENABLE_MODULES = YES;
				CLANG_ENABLE_OBJC_ARC = YES;
				CLANG_WARN_BOOL_CONVERSION = YES;
				CLANG_WARN_CONSTANT_CONVERSION = YES;
				CLANG_WARN_DIRECT_OBJC_ISA_USAGE = YES_ERROR;
				CLANG_WARN_DOCUMENTATION_COMMENTS = YES;
				CLANG_WARN_EMPTY_BODY = YES;
				CLANG_WARN_ENUM_CONVERSION = YES;
				CLANG_WARN_INFINITE_RECURSION = YES;
				CLANG_WARN_INT_CONVERSION = YES;
				CLANG_WARN_OBJC_ROOT_CLASS = YES_ERROR;
				CLANG_WARN_SUSPICIOUS_MOVES = YES;
				CLANG_WARN_UNREACHABLE_CODE = YES;
				CLANG_WARN__DUPLICATE_METHOD_MATCH = YES;
				"CODE_SIGN_IDENTITY[sdk=iphoneos*]" = "iPhone Developer";
				COPY_PHASE_STRIP = NO;
				DEBUG_INFORMATION_FORMAT = "dwarf-with-dsym";
				ENABLE_NS_ASSERTIONS = NO;
				ENABLE_STRICT_OBJC_MSGSEND = YES;
				GCC_C_LANGUAGE_STANDARD = gnu99;
				GCC_NO_COMMON_BLOCKS = YES;
				GCC_WARN_64_TO_32_BIT_CONVERSION = YES;
				GCC_WARN_ABOUT_RETURN_TYPE = YES_ERROR;
				GCC_WARN_UNDECLARED_SELECTOR = YES;
				GCC_WARN_UNINITIALIZED_AUTOS = YES_AGGRESSIVE;
				GCC_WARN_UNUSED_FUNCTION = YES;
				GCC_WARN_UNUSED_VARIABLE = YES;
				IPHONEOS_DEPLOYMENT_TARGET = 10.1;
				MTL_ENABLE_DEBUG_INFO = NO;
				SDKROOT = iphoneos;
				SWIFT_OPTIMIZATION_LEVEL = "-Owholemodule";
				TARGETED_DEVICE_FAMILY = "1,2";
				VALIDATE_PRODUCT = YES;
			};
			name = Release;
		};
		E398F13E1E1357E300CD91D4 /* Debug */ = {
			isa = XCBuildConfiguration;
			baseConfigurationReference = 0672CE23FAA7C122D880215E /* Pods-R&D Inventory.debug.xcconfig */;
			buildSettings = {
				ASSETCATALOG_COMPILER_APPICON_NAME = AppIcon;
				CODE_SIGN_ENTITLEMENTS = "R&D Inventory/R&D Inventory.entitlements";
				DEVELOPMENT_TEAM = HNACG3848H;
				INFOPLIST_FILE = "R&D Inventory/Info.plist";
				LD_RUNPATH_SEARCH_PATHS = "$(inherited) @executable_path/Frameworks";
				PRODUCT_BUNDLE_IDENTIFIER = "ME.R-D-Inventory";
				PRODUCT_NAME = "$(TARGET_NAME)";
				SWIFT_VERSION = 3.0;
			};
			name = Debug;
		};
		E398F13F1E1357E300CD91D4 /* Release */ = {
			isa = XCBuildConfiguration;
			baseConfigurationReference = DDAB533742B9B435D147DCC3 /* Pods-R&D Inventory.release.xcconfig */;
			buildSettings = {
				ASSETCATALOG_COMPILER_APPICON_NAME = AppIcon;
				CODE_SIGN_ENTITLEMENTS = "R&D Inventory/R&D Inventory.entitlements";
				DEVELOPMENT_TEAM = HNACG3848H;
				INFOPLIST_FILE = "R&D Inventory/Info.plist";
				LD_RUNPATH_SEARCH_PATHS = "$(inherited) @executable_path/Frameworks";
				PRODUCT_BUNDLE_IDENTIFIER = "ME.R-D-Inventory";
				PRODUCT_NAME = "$(TARGET_NAME)";
				SWIFT_VERSION = 3.0;
			};
			name = Release;
		};
		E398F1411E1357E300CD91D4 /* Debug */ = {
			isa = XCBuildConfiguration;
			baseConfigurationReference = 5BEE89E3F4372B2134EBF118 /* Pods-R&D InventoryTests.debug.xcconfig */;
			buildSettings = {
				ALWAYS_EMBED_SWIFT_STANDARD_LIBRARIES = YES;
				BUNDLE_LOADER = "$(TEST_HOST)";
				DEVELOPMENT_TEAM = HNACG3848H;
				INFOPLIST_FILE = "R&D InventoryTests/Info.plist";
				LD_RUNPATH_SEARCH_PATHS = "$(inherited) @executable_path/Frameworks @loader_path/Frameworks";
				PRODUCT_BUNDLE_IDENTIFIER = "ME.R-D-InventoryTests";
				PRODUCT_NAME = "$(TARGET_NAME)";
				SWIFT_VERSION = 3.0;
				TEST_HOST = "$(BUILT_PRODUCTS_DIR)/R&D Inventory.app/R&D Inventory";
			};
			name = Debug;
		};
		E398F1421E1357E300CD91D4 /* Release */ = {
			isa = XCBuildConfiguration;
			baseConfigurationReference = 33A89F1E6C98F1273EC4D482 /* Pods-R&D InventoryTests.release.xcconfig */;
			buildSettings = {
				ALWAYS_EMBED_SWIFT_STANDARD_LIBRARIES = YES;
				BUNDLE_LOADER = "$(TEST_HOST)";
				DEVELOPMENT_TEAM = HNACG3848H;
				INFOPLIST_FILE = "R&D InventoryTests/Info.plist";
				LD_RUNPATH_SEARCH_PATHS = "$(inherited) @executable_path/Frameworks @loader_path/Frameworks";
				PRODUCT_BUNDLE_IDENTIFIER = "ME.R-D-InventoryTests";
				PRODUCT_NAME = "$(TARGET_NAME)";
				SWIFT_VERSION = 3.0;
				TEST_HOST = "$(BUILT_PRODUCTS_DIR)/R&D Inventory.app/R&D Inventory";
			};
			name = Release;
		};
		E398F1441E1357E300CD91D4 /* Debug */ = {
			isa = XCBuildConfiguration;
			baseConfigurationReference = 58FE34DAC5A2BCDD419706D0 /* Pods-R&D InventoryUITests.debug.xcconfig */;
			buildSettings = {
				ALWAYS_EMBED_SWIFT_STANDARD_LIBRARIES = YES;
				DEVELOPMENT_TEAM = HNACG3848H;
				INFOPLIST_FILE = "R&D InventoryUITests/Info.plist";
				LD_RUNPATH_SEARCH_PATHS = "$(inherited) @executable_path/Frameworks @loader_path/Frameworks";
				PRODUCT_BUNDLE_IDENTIFIER = "ME.R-D-InventoryUITests";
				PRODUCT_NAME = "$(TARGET_NAME)";
				SWIFT_VERSION = 3.0;
				TEST_TARGET_NAME = "R&D Inventory";
			};
			name = Debug;
		};
		E398F1451E1357E300CD91D4 /* Release */ = {
			isa = XCBuildConfiguration;
			baseConfigurationReference = 687954077D7958893F4A5DE0 /* Pods-R&D InventoryUITests.release.xcconfig */;
			buildSettings = {
				ALWAYS_EMBED_SWIFT_STANDARD_LIBRARIES = YES;
				DEVELOPMENT_TEAM = HNACG3848H;
				INFOPLIST_FILE = "R&D InventoryUITests/Info.plist";
				LD_RUNPATH_SEARCH_PATHS = "$(inherited) @executable_path/Frameworks @loader_path/Frameworks";
				PRODUCT_BUNDLE_IDENTIFIER = "ME.R-D-InventoryUITests";
				PRODUCT_NAME = "$(TARGET_NAME)";
				SWIFT_VERSION = 3.0;
				TEST_TARGET_NAME = "R&D Inventory";
			};
			name = Release;
		};
/* End XCBuildConfiguration section */

/* Begin XCConfigurationList section */
		E398F1101E1357E300CD91D4 /* Build configuration list for PBXProject "R&D Inventory" */ = {
			isa = XCConfigurationList;
			buildConfigurations = (
				E398F13B1E1357E300CD91D4 /* Debug */,
				E398F13C1E1357E300CD91D4 /* Release */,
			);
			defaultConfigurationIsVisible = 0;
			defaultConfigurationName = Release;
		};
		E398F13D1E1357E300CD91D4 /* Build configuration list for PBXNativeTarget "R&D Inventory" */ = {
			isa = XCConfigurationList;
			buildConfigurations = (
				E398F13E1E1357E300CD91D4 /* Debug */,
				E398F13F1E1357E300CD91D4 /* Release */,
			);
			defaultConfigurationIsVisible = 0;
			defaultConfigurationName = Release;
		};
		E398F1401E1357E300CD91D4 /* Build configuration list for PBXNativeTarget "R&D InventoryTests" */ = {
			isa = XCConfigurationList;
			buildConfigurations = (
				E398F1411E1357E300CD91D4 /* Debug */,
				E398F1421E1357E300CD91D4 /* Release */,
			);
			defaultConfigurationIsVisible = 0;
			defaultConfigurationName = Release;
		};
		E398F1431E1357E300CD91D4 /* Build configuration list for PBXNativeTarget "R&D InventoryUITests" */ = {
			isa = XCConfigurationList;
			buildConfigurations = (
				E398F1441E1357E300CD91D4 /* Debug */,
				E398F1451E1357E300CD91D4 /* Release */,
			);
			defaultConfigurationIsVisible = 0;
			defaultConfigurationName = Release;
		};
/* End XCConfigurationList section */
	};
	rootObject = E398F10D1E1357E300CD91D4 /* Project object */;
}
